
Microsoft Visual Studio Solution File, Format Version 12.00
# Visual Studio Version 16
VisualStudioVersion = 16.0.29326.143
MinimumVisualStudioVersion = 10.0.40219.1
Project("{FAE04EC0-301F-11D3-BF4B-00C04F79EFBC}") = "RequestComputerSystem", "RequestComputerSystem\RequestComputerSystem.csproj", "{F6CBBF0F-8C58-4779-847F-7B70EB635C2B}"
EndProject
Global
	GlobalSection(SolutionConfigurationPlatforms) = preSolution
		Debug|Any CPU = Debug|Any CPU
		Release|Any CPU = Release|Any CPU
	EndGlobalSection
	GlobalSection(ProjectConfigurationPlatforms) = postSolution
		{F6CBBF0F-8C58-4779-847F-7B70EB635C2B}.Debug|Any CPU.ActiveCfg = Debug|Any CPU
		{F6CBBF0F-8C58-4779-847F-7B70EB635C2B}.Debug|Any CPU.Build.0 = Debug|Any CPU
		{F6CBBF0F-8C58-4779-847F-7B70EB635C2B}.Release|Any CPU.ActiveCfg = Release|Any CPU
		{F6CBBF0F-8C58-4779-847F-7B70EB635C2B}.Release|Any CPU.Build.0 = Release|Any CPU
	EndGlobalSection
	GlobalSection(SolutionProperties) = preSolution
		HideSolutionNode = FALSE
	EndGlobalSection
	GlobalSection(ExtensibilityGlobals) = postSolution
		SolutionGuid = {E1118D49-A207-4A99-AD45-EB018284FEF1}
	EndGlobalSection
EndGlobal
